
Microsoft Visual Studio Solution File, Format Version 12.00
# Visual Studio Version 16
VisualStudioVersion = 16.0.30611.23
MinimumVisualStudioVersion = 10.0.40219.1
Project("{FAE04EC0-301F-11D3-BF4B-00C04F79EFBC}") = "RownanieKwadratowe", "RownanieKwadratowe.csproj", "{FAD6DF6C-8759-4C16-9516-433F7B3C9C2D}"
EndProject
Global
	GlobalSection(SolutionConfigurationPlatforms) = preSolution
		Debug|Any CPU = Debug|Any CPU
		Release|Any CPU = Release|Any CPU
	EndGlobalSection
	GlobalSection(ProjectConfigurationPlatforms) = postSolution
		{FAD6DF6C-8759-4C16-9516-433F7B3C9C2D}.Debug|Any CPU.ActiveCfg = Debug|Any CPU
		{FAD6DF6C-8759-4C16-9516-433F7B3C9C2D}.Debug|Any CPU.Build.0 = Debug|Any CPU
		{FAD6DF6C-8759-4C16-9516-433F7B3C9C2D}.Release|Any CPU.ActiveCfg = Release|Any CPU
		{FAD6DF6C-8759-4C16-9516-433F7B3C9C2D}.Release|Any CPU.Build.0 = Release|Any CPU
	EndGlobalSection
	GlobalSection(SolutionProperties) = preSolution
		HideSolutionNode = FALSE
	EndGlobalSection
	GlobalSection(ExtensibilityGlobals) = postSolution
		SolutionGuid = {D9432FCC-B621-42CF-8007-394CC36B18CC}
	EndGlobalSection
EndGlobal
